
Microsoft Visual Studio Solution File, Format Version 12.00
# Visual Studio 14
VisualStudioVersion = 14.0.25420.1
MinimumVisualStudioVersion = 10.0.40219.1
Project("{FAE04EC0-301F-11D3-BF4B-00C04F79EFBC}") = "Market.Web", "Market\Market.Web.csproj", "{3F24D7F5-7092-498C-AADB-CDDA3C6DBAAC}"
EndProject
Project("{FAE04EC0-301F-11D3-BF4B-00C04F79EFBC}") = "Market.Data", "Market.Data\Market.Data.csproj", "{05B3AF0A-5A9B-477F-8A34-C2A8137EF2DA}"
EndProject
Project("{FAE04EC0-301F-11D3-BF4B-00C04F79EFBC}") = "Market.Core", "Market.Core\Market.Core.csproj", "{5B40AE95-E38D-4279-AAD5-9ABCCE464F7A}"
EndProject
Project("{2150E333-8FDC-42A3-9474-1A3956D46DE8}") = "Customer", "Customer", "{3CF84722-0548-4568-A573-71856AED9400}"
EndProject
Project("{FAE04EC0-301F-11D3-BF4B-00C04F79EFBC}") = "Market.Web.Customer.ViewModels", "Market.Web.Customer.ViewModels\Market.Web.Customer.ViewModels.csproj", "{DA8CFCD3-0C8A-4BAE-BFBB-F0AE5E4C7070}"
EndProject
Project("{FAE04EC0-301F-11D3-BF4B-00C04F79EFBC}") = "Market.Web.Customer", "Market.Web.Customer\Market.Web.Customer.csproj", "{66A1BCDA-33E6-4B13-9086-DDE42D3CE558}"
EndProject
Project("{2150E333-8FDC-42A3-9474-1A3956D46DE8}") = "BC_Maintenance", "BC_Maintenance", "{DB928685-B29C-4E77-968C-E80E2BE2F0FB}"
EndProject
Project("{2150E333-8FDC-42A3-9474-1A3956D46DE8}") = "Data", "Data", "{81D6378A-BF06-4F34-A10C-C6DE90EE0DA4}"
EndProject
Project("{2150E333-8FDC-42A3-9474-1A3956D46DE8}") = "Domain", "Domain", "{DBDD5446-D654-4E03-8EB5-E77BA6CE5C99}"
EndProject
Project("{2150E333-8FDC-42A3-9474-1A3956D46DE8}") = "Test", "Test", "{543CF531-A566-4188-97BD-0C4EF3EA5C18}"
EndProject
Project("{2150E333-8FDC-42A3-9474-1A3956D46DE8}") = "BC_ShoppingCart", "BC_ShoppingCart", "{AA6F23C5-A0D1-43DF-A34C-4CA17E07CB7B}"
EndProject
Project("{2150E333-8FDC-42A3-9474-1A3956D46DE8}") = "Data", "Data", "{C7EE16FB-02F3-4F4D-ADB4-23BB4B3FEE14}"
EndProject
Project("{2150E333-8FDC-42A3-9474-1A3956D46DE8}") = "Domain", "Domain", "{726B8B30-73C9-4D97-B0AE-861DFC35967C}"
EndProject
Project("{2150E333-8FDC-42A3-9474-1A3956D46DE8}") = "Test", "Test", "{09F43EBB-0EF2-45F8-AA12-507EB7691621}"
EndProject
Project("{2150E333-8FDC-42A3-9474-1A3956D46DE8}") = "Services", "Services", "{2AF62438-0C96-4EDA-9749-36489E5EE61D}"
EndProject
Project("{FAE04EC0-301F-11D3-BF4B-00C04F79EFBC}") = "Maintenance.Data", "Maintenance.Data\Maintenance.Data.csproj", "{A092B5F9-7461-4822-9D80-062583400397}"
EndProject
Project("{FAE04EC0-301F-11D3-BF4B-00C04F79EFBC}") = "Maintenance.Domain", "Maintenance.Domain\Maintenance.Domain.csproj", "{AFE37CE9-C802-48A0-A506-A4B5AC95D424}"
EndProject
Project("{FAE04EC0-301F-11D3-BF4B-00C04F79EFBC}") = "Maintenance.Data.Tests", "Maintenance.Data.Tests\Maintenance.Data.Tests.csproj", "{3999C6E1-B22D-4CF2-A84B-30BBD007E4CB}"
EndProject
Project("{FAE04EC0-301F-11D3-BF4B-00C04F79EFBC}") = "Maintenance.Domain.Tests", "Maintenance.Domain.Tests\Maintenance.Domain.Tests.csproj", "{F5B86845-5043-4C5A-BA05-3A66F0636310}"
EndProject
Project("{FAE04EC0-301F-11D3-BF4B-00C04F79EFBC}") = "ShoppingCart.Data", "ShoppingCart.Data\ShoppingCart.Data.csproj", "{F83F6381-FF69-4D64-AC70-1846DFDF8837}"
EndProject
Project("{FAE04EC0-301F-11D3-BF4B-00C04F79EFBC}") = "ShoppingCart.Domain", "ShoppingCart.Domain\ShoppingCart.Domain.csproj", "{528FB090-D5D5-45FA-AE61-CA42E0A9F53E}"
EndProject
Project("{FAE04EC0-301F-11D3-BF4B-00C04F79EFBC}") = "ShoppingCart.Services", "ShoppingCart.Services\ShoppingCart.Services.csproj", "{2B6492C8-981D-4263-B3C6-E36565C34FDF}"
EndProject
Project("{FAE04EC0-301F-11D3-BF4B-00C04F79EFBC}") = "ShoppingCart.Data.Tests", "ShoppingCart.Data.Tests\ShoppingCart.Data.Tests.csproj", "{8E91AE94-D97A-4B27-918C-4DB8E04B5CAD}"
EndProject
Project("{FAE04EC0-301F-11D3-BF4B-00C04F79EFBC}") = "ShoppingCart.Domain.Tests", "ShoppingCart.Domain.Tests\ShoppingCart.Domain.Tests.csproj", "{0F244D82-0880-49A7-8B1F-C3A5AB32058B}"
EndProject
Project("{FAE04EC0-301F-11D3-BF4B-00C04F79EFBC}") = "ShoppingCart.Services.Tests", "ShoppingCart.Services.Tests\ShoppingCart.Services.Tests.csproj", "{50C3030D-134F-40E6-B58E-B0AAE9710113}"
EndProject
Project("{2150E333-8FDC-42A3-9474-1A3956D46DE8}") = "Core", "Core", "{30B8BD71-1A96-467D-9664-B82C947AC8E7}"
EndProject
Project("{2150E333-8FDC-42A3-9474-1A3956D46DE8}") = "UI", "UI", "{559C07A3-E641-4F4A-97A5-F33CC3122990}"
EndProject
Global
	GlobalSection(SolutionConfigurationPlatforms) = preSolution
		Debug|Any CPU = Debug|Any CPU
		Release|Any CPU = Release|Any CPU
	EndGlobalSection
	GlobalSection(ProjectConfigurationPlatforms) = postSolution
		{3F24D7F5-7092-498C-AADB-CDDA3C6DBAAC}.Debug|Any CPU.ActiveCfg = Debug|Any CPU
		{3F24D7F5-7092-498C-AADB-CDDA3C6DBAAC}.Debug|Any CPU.Build.0 = Debug|Any CPU
		{3F24D7F5-7092-498C-AADB-CDDA3C6DBAAC}.Release|Any CPU.ActiveCfg = Release|Any CPU
		{3F24D7F5-7092-498C-AADB-CDDA3C6DBAAC}.Release|Any CPU.Build.0 = Release|Any CPU
		{05B3AF0A-5A9B-477F-8A34-C2A8137EF2DA}.Debug|Any CPU.ActiveCfg = Debug|Any CPU
		{05B3AF0A-5A9B-477F-8A34-C2A8137EF2DA}.Debug|Any CPU.Build.0 = Debug|Any CPU
		{05B3AF0A-5A9B-477F-8A34-C2A8137EF2DA}.Release|Any CPU.ActiveCfg = Release|Any CPU
		{05B3AF0A-5A9B-477F-8A34-C2A8137EF2DA}.Release|Any CPU.Build.0 = Release|Any CPU
		{5B40AE95-E38D-4279-AAD5-9ABCCE464F7A}.Debug|Any CPU.ActiveCfg = Debug|Any CPU
		{5B40AE95-E38D-4279-AAD5-9ABCCE464F7A}.Debug|Any CPU.Build.0 = Debug|Any CPU
		{5B40AE95-E38D-4279-AAD5-9ABCCE464F7A}.Release|Any CPU.ActiveCfg = Release|Any CPU
		{5B40AE95-E38D-4279-AAD5-9ABCCE464F7A}.Release|Any CPU.Build.0 = Release|Any CPU
		{DA8CFCD3-0C8A-4BAE-BFBB-F0AE5E4C7070}.Debug|Any CPU.ActiveCfg = Debug|Any CPU
		{DA8CFCD3-0C8A-4BAE-BFBB-F0AE5E4C7070}.Debug|Any CPU.Build.0 = Debug|Any CPU
		{DA8CFCD3-0C8A-4BAE-BFBB-F0AE5E4C7070}.Release|Any CPU.ActiveCfg = Release|Any CPU
		{DA8CFCD3-0C8A-4BAE-BFBB-F0AE5E4C7070}.Release|Any CPU.Build.0 = Release|Any CPU
		{66A1BCDA-33E6-4B13-9086-DDE42D3CE558}.Debug|Any CPU.ActiveCfg = Debug|Any CPU
		{66A1BCDA-33E6-4B13-9086-DDE42D3CE558}.Debug|Any CPU.Build.0 = Debug|Any CPU
		{66A1BCDA-33E6-4B13-9086-DDE42D3CE558}.Release|Any CPU.ActiveCfg = Release|Any CPU
		{66A1BCDA-33E6-4B13-9086-DDE42D3CE558}.Release|Any CPU.Build.0 = Release|Any CPU
		{A092B5F9-7461-4822-9D80-062583400397}.Debug|Any CPU.ActiveCfg = Debug|Any CPU
		{A092B5F9-7461-4822-9D80-062583400397}.Debug|Any CPU.Build.0 = Debug|Any CPU
		{A092B5F9-7461-4822-9D80-062583400397}.Release|Any CPU.ActiveCfg = Release|Any CPU
		{A092B5F9-7461-4822-9D80-062583400397}.Release|Any CPU.Build.0 = Release|Any CPU
		{AFE37CE9-C802-48A0-A506-A4B5AC95D424}.Debug|Any CPU.ActiveCfg = Debug|Any CPU
		{AFE37CE9-C802-48A0-A506-A4B5AC95D424}.Debug|Any CPU.Build.0 = Debug|Any CPU
		{AFE37CE9-C802-48A0-A506-A4B5AC95D424}.Release|Any CPU.ActiveCfg = Release|Any CPU
		{AFE37CE9-C802-48A0-A506-A4B5AC95D424}.Release|Any CPU.Build.0 = Release|Any CPU
		{3999C6E1-B22D-4CF2-A84B-30BBD007E4CB}.Debug|Any CPU.ActiveCfg = Debug|Any CPU
		{3999C6E1-B22D-4CF2-A84B-30BBD007E4CB}.Debug|Any CPU.Build.0 = Debug|Any CPU
		{3999C6E1-B22D-4CF2-A84B-30BBD007E4CB}.Release|Any CPU.ActiveCfg = Release|Any CPU
		{3999C6E1-B22D-4CF2-A84B-30BBD007E4CB}.Release|Any CPU.Build.0 = Release|Any CPU
		{F5B86845-5043-4C5A-BA05-3A66F0636310}.Debug|Any CPU.ActiveCfg = Debug|Any CPU
		{F5B86845-5043-4C5A-BA05-3A66F0636310}.Debug|Any CPU.Build.0 = Debug|Any CPU
		{F5B86845-5043-4C5A-BA05-3A66F0636310}.Release|Any CPU.ActiveCfg = Release|Any CPU
		{F5B86845-5043-4C5A-BA05-3A66F0636310}.Release|Any CPU.Build.0 = Release|Any CPU
		{F83F6381-FF69-4D64-AC70-1846DFDF8837}.Debug|Any CPU.ActiveCfg = Debug|Any CPU
		{F83F6381-FF69-4D64-AC70-1846DFDF8837}.Debug|Any CPU.Build.0 = Debug|Any CPU
		{F83F6381-FF69-4D64-AC70-1846DFDF8837}.Release|Any CPU.ActiveCfg = Release|Any CPU
		{F83F6381-FF69-4D64-AC70-1846DFDF8837}.Release|Any CPU.Build.0 = Release|Any CPU
		{528FB090-D5D5-45FA-AE61-CA42E0A9F53E}.Debug|Any CPU.ActiveCfg = Debug|Any CPU
		{528FB090-D5D5-45FA-AE61-CA42E0A9F53E}.Debug|Any CPU.Build.0 = Debug|Any CPU
		{528FB090-D5D5-45FA-AE61-CA42E0A9F53E}.Release|Any CPU.ActiveCfg = Release|Any CPU
		{528FB090-D5D5-45FA-AE61-CA42E0A9F53E}.Release|Any CPU.Build.0 = Release|Any CPU
		{2B6492C8-981D-4263-B3C6-E36565C34FDF}.Debug|Any CPU.ActiveCfg = Debug|Any CPU
		{2B6492C8-981D-4263-B3C6-E36565C34FDF}.Debug|Any CPU.Build.0 = Debug|Any CPU
		{2B6492C8-981D-4263-B3C6-E36565C34FDF}.Release|Any CPU.ActiveCfg = Release|Any CPU
		{2B6492C8-981D-4263-B3C6-E36565C34FDF}.Release|Any CPU.Build.0 = Release|Any CPU
		{8E91AE94-D97A-4B27-918C-4DB8E04B5CAD}.Debug|Any CPU.ActiveCfg = Debug|Any CPU
		{8E91AE94-D97A-4B27-918C-4DB8E04B5CAD}.Debug|Any CPU.Build.0 = Debug|Any CPU
		{8E91AE94-D97A-4B27-918C-4DB8E04B5CAD}.Release|Any CPU.ActiveCfg = Release|Any CPU
		{8E91AE94-D97A-4B27-918C-4DB8E04B5CAD}.Release|Any CPU.Build.0 = Release|Any CPU
		{0F244D82-0880-49A7-8B1F-C3A5AB32058B}.Debug|Any CPU.ActiveCfg = Debug|Any CPU
		{0F244D82-0880-49A7-8B1F-C3A5AB32058B}.Debug|Any CPU.Build.0 = Debug|Any CPU
		{0F244D82-0880-49A7-8B1F-C3A5AB32058B}.Release|Any CPU.ActiveCfg = Release|Any CPU
		{0F244D82-0880-49A7-8B1F-C3A5AB32058B}.Release|Any CPU.Build.0 = Release|Any CPU
		{50C3030D-134F-40E6-B58E-B0AAE9710113}.Debug|Any CPU.ActiveCfg = Debug|Any CPU
		{50C3030D-134F-40E6-B58E-B0AAE9710113}.Debug|Any CPU.Build.0 = Debug|Any CPU
		{50C3030D-134F-40E6-B58E-B0AAE9710113}.Release|Any CPU.ActiveCfg = Release|Any CPU
		{50C3030D-134F-40E6-B58E-B0AAE9710113}.Release|Any CPU.Build.0 = Release|Any CPU
	EndGlobalSection
	GlobalSection(SolutionProperties) = preSolution
		HideSolutionNode = FALSE
	EndGlobalSection
	GlobalSection(NestedProjects) = preSolution
		{3F24D7F5-7092-498C-AADB-CDDA3C6DBAAC} = {559C07A3-E641-4F4A-97A5-F33CC3122990}
		{05B3AF0A-5A9B-477F-8A34-C2A8137EF2DA} = {30B8BD71-1A96-467D-9664-B82C947AC8E7}
		{5B40AE95-E38D-4279-AAD5-9ABCCE464F7A} = {30B8BD71-1A96-467D-9664-B82C947AC8E7}
		{DA8CFCD3-0C8A-4BAE-BFBB-F0AE5E4C7070} = {3CF84722-0548-4568-A573-71856AED9400}
		{66A1BCDA-33E6-4B13-9086-DDE42D3CE558} = {559C07A3-E641-4F4A-97A5-F33CC3122990}
		{81D6378A-BF06-4F34-A10C-C6DE90EE0DA4} = {DB928685-B29C-4E77-968C-E80E2BE2F0FB}
		{DBDD5446-D654-4E03-8EB5-E77BA6CE5C99} = {DB928685-B29C-4E77-968C-E80E2BE2F0FB}
		{543CF531-A566-4188-97BD-0C4EF3EA5C18} = {DB928685-B29C-4E77-968C-E80E2BE2F0FB}
		{C7EE16FB-02F3-4F4D-ADB4-23BB4B3FEE14} = {AA6F23C5-A0D1-43DF-A34C-4CA17E07CB7B}
		{726B8B30-73C9-4D97-B0AE-861DFC35967C} = {AA6F23C5-A0D1-43DF-A34C-4CA17E07CB7B}
		{09F43EBB-0EF2-45F8-AA12-507EB7691621} = {AA6F23C5-A0D1-43DF-A34C-4CA17E07CB7B}
		{2AF62438-0C96-4EDA-9749-36489E5EE61D} = {AA6F23C5-A0D1-43DF-A34C-4CA17E07CB7B}
		{A092B5F9-7461-4822-9D80-062583400397} = {81D6378A-BF06-4F34-A10C-C6DE90EE0DA4}
		{AFE37CE9-C802-48A0-A506-A4B5AC95D424} = {DBDD5446-D654-4E03-8EB5-E77BA6CE5C99}
		{3999C6E1-B22D-4CF2-A84B-30BBD007E4CB} = {543CF531-A566-4188-97BD-0C4EF3EA5C18}
		{F5B86845-5043-4C5A-BA05-3A66F0636310} = {543CF531-A566-4188-97BD-0C4EF3EA5C18}
		{F83F6381-FF69-4D64-AC70-1846DFDF8837} = {C7EE16FB-02F3-4F4D-ADB4-23BB4B3FEE14}
		{528FB090-D5D5-45FA-AE61-CA42E0A9F53E} = {726B8B30-73C9-4D97-B0AE-861DFC35967C}
		{2B6492C8-981D-4263-B3C6-E36565C34FDF} = {2AF62438-0C96-4EDA-9749-36489E5EE61D}
		{8E91AE94-D97A-4B27-918C-4DB8E04B5CAD} = {09F43EBB-0EF2-45F8-AA12-507EB7691621}
		{0F244D82-0880-49A7-8B1F-C3A5AB32058B} = {09F43EBB-0EF2-45F8-AA12-507EB7691621}
		{50C3030D-134F-40E6-B58E-B0AAE9710113} = {09F43EBB-0EF2-45F8-AA12-507EB7691621}
	EndGlobalSection
EndGlobal
